
Microsoft Visual Studio Solution File, Format Version 12.00
# Visual Studio Version 17
VisualStudioVersion = 17.0.31423.177
MinimumVisualStudioVersion = 10.0.40219.1
Project("{9A19103F-16F7-4668-BE54-9A1E7A4F7556}") = "TradePlugin.DiscordNotifications", "TradePlugin.DiscordNotifications.csproj", "{C8FBDC96-5B77-4001-80F5-B612C9C46F4A}"
EndProject
Global
	GlobalSection(SolutionConfigurationPlatforms) = preSolution
		Debug|Any CPU = Debug|Any CPU
		Release|Any CPU = Release|Any CPU
	EndGlobalSection
	GlobalSection(ProjectConfigurationPlatforms) = postSolution
		{C8FBDC96-5B77-4001-80F5-B612C9C46F4A}.Debug|Any CPU.ActiveCfg = Debug|Any CPU
		{C8FBDC96-5B77-4001-80F5-B612C9C46F4A}.Debug|Any CPU.Build.0 = Debug|Any CPU
		{C8FBDC96-5B77-4001-80F5-B612C9C46F4A}.Release|Any CPU.ActiveCfg = Release|Any CPU
		{C8FBDC96-5B77-4001-80F5-B612C9C46F4A}.Release|Any CPU.Build.0 = Release|Any CPU
	EndGlobalSection
	GlobalSection(SolutionProperties) = preSolution
		HideSolutionNode = FALSE
	EndGlobalSection
	GlobalSection(ExtensibilityGlobals) = postSolution
		SolutionGuid = {B338153E-9110-49E2-BC9C-885F7BC03613}
	EndGlobalSection
EndGlobal
